
Microsoft Visual Studio Solution File, Format Version 12.00
# Visual Studio Version 17
VisualStudioVersion = 17.14.36109.1 d17.14
MinimumVisualStudioVersion = 10.0.40219.1
Project("{FAE04EC0-301F-11D3-BF4B-00C04F79EFBC}") = "Employee", "Employee\Employee.csproj", "{5F3FF455-9F3E-4F46-9856-A24DB30709FF}"
EndProject
Global
	GlobalSection(SolutionConfigurationPlatforms) = preSolution
		Debug|Any CPU = Debug|Any CPU
		Release|Any CPU = Release|Any CPU
	EndGlobalSection
	GlobalSection(ProjectConfigurationPlatforms) = postSolution
		{5F3FF455-9F3E-4F46-9856-A24DB30709FF}.Debug|Any CPU.ActiveCfg = Debug|Any CPU
		{5F3FF455-9F3E-4F46-9856-A24DB30709FF}.Debug|Any CPU.Build.0 = Debug|Any CPU
		{5F3FF455-9F3E-4F46-9856-A24DB30709FF}.Release|Any CPU.ActiveCfg = Release|Any CPU
		{5F3FF455-9F3E-4F46-9856-A24DB30709FF}.Release|Any CPU.Build.0 = Release|Any CPU
	EndGlobalSection
	GlobalSection(SolutionProperties) = preSolution
		HideSolutionNode = FALSE
	EndGlobalSection
	GlobalSection(ExtensibilityGlobals) = postSolution
		SolutionGuid = {AF772EC0-0599-4EDB-9FF7-74E78128B3B0}
	EndGlobalSection
EndGlobal
